
Microsoft Visual Studio Solution File, Format Version 12.00
# Visual Studio Version 16
VisualStudioVersion = 16.0.30717.126
MinimumVisualStudioVersion = 10.0.40219.1
Project("{9A19103F-16F7-4668-BE54-9A1E7A4F7556}") = "DevNet.Online", "DevNet.Online\DevNet.Online.csproj", "{D6864413-4B20-48BD-AE3E-AF4C050C6ABF}"
EndProject
Global
	GlobalSection(SolutionConfigurationPlatforms) = preSolution
		Debug|Any CPU = Debug|Any CPU
		Release|Any CPU = Release|Any CPU
	EndGlobalSection
	GlobalSection(ProjectConfigurationPlatforms) = postSolution
		{D6864413-4B20-48BD-AE3E-AF4C050C6ABF}.Debug|Any CPU.ActiveCfg = Debug|Any CPU
		{D6864413-4B20-48BD-AE3E-AF4C050C6ABF}.Debug|Any CPU.Build.0 = Debug|Any CPU
		{D6864413-4B20-48BD-AE3E-AF4C050C6ABF}.Release|Any CPU.ActiveCfg = Release|Any CPU
		{D6864413-4B20-48BD-AE3E-AF4C050C6ABF}.Release|Any CPU.Build.0 = Release|Any CPU
	EndGlobalSection
	GlobalSection(SolutionProperties) = preSolution
		HideSolutionNode = FALSE
	EndGlobalSection
	GlobalSection(ExtensibilityGlobals) = postSolution
		SolutionGuid = {2D01897D-914A-4777-AB3D-DD3753E60903}
	EndGlobalSection
EndGlobal
